
Microsoft Visual Studio Solution File, Format Version 12.00
# Visual Studio Version 16
VisualStudioVersion = 16.0.31205.134
MinimumVisualStudioVersion = 10.0.40219.1
Project("{2150E333-8FDC-42A3-9474-1A3956D46DE8}") = "Behavioral", "Behavioral", "{ED6820C0-D621-424A-8BAA-0187268EBE69}"
EndProject
Project("{2150E333-8FDC-42A3-9474-1A3956D46DE8}") = "Creational", "Creational", "{4213E35D-652E-41BC-81E5-61428FF5805E}"
EndProject
Project("{2150E333-8FDC-42A3-9474-1A3956D46DE8}") = "Structural", "Structural", "{9C903A78-F41E-4B15-A369-FC1B644D8D98}"
EndProject
Project("{9A19103F-16F7-4668-BE54-9A1E7A4F7556}") = "AbstractFactory", "Creational\AbstractFactory\AbstractFactory.csproj", "{7D82F06B-D28F-4647-B6E0-D92DA49902F3}"
EndProject
Project("{FAE04EC0-301F-11D3-BF4B-00C04F79EFBC}") = "Builder", "Creational\Builder\Builder.csproj", "{F1BBE685-3780-4B8B-8A0E-EEBB04E91B1A}"
EndProject
Project("{9A19103F-16F7-4668-BE54-9A1E7A4F7556}") = "AbstractFactoryRW", "Creational\AbstractFactoryRW\AbstractFactoryRW.csproj", "{D24D333C-DB13-454D-AB77-39E433291A8E}"
EndProject
Project("{FAE04EC0-301F-11D3-BF4B-00C04F79EFBC}") = "BuilderRW", "Creational\BuilderRW\BuilderRW.csproj", "{5736557F-DD33-4B21-A2ED-8E7B125DFDA5}"
EndProject
Project("{FAE04EC0-301F-11D3-BF4B-00C04F79EFBC}") = "FactoryMethod", "Creational\FactoryMethod\FactoryMethod.csproj", "{41771933-C59C-4AD7-9509-6E74C0035E56}"
EndProject
Project("{FAE04EC0-301F-11D3-BF4B-00C04F79EFBC}") = "FactoryMethodRW", "Creational\FactoryMethodRW\FactoryMethodRW.csproj", "{CE9B2DFE-EB26-40FC-9BAA-B21414A043CF}"
EndProject
Project("{FAE04EC0-301F-11D3-BF4B-00C04F79EFBC}") = "Prototype", "Creational\Prototype\Prototype.csproj", "{8D152CE1-ED84-4FF1-9EFD-48BAA90A17D3}"
EndProject
Project("{FAE04EC0-301F-11D3-BF4B-00C04F79EFBC}") = "PrototypeRW", "Creational\PrototypeRW\PrototypeRW.csproj", "{0E96AB70-A683-4BE7-AE7D-D8073D0314C9}"
EndProject
Project("{FAE04EC0-301F-11D3-BF4B-00C04F79EFBC}") = "Singleton", "Creational\Singleton\Singleton.csproj", "{1D1D53D4-D7E2-4CCE-922B-345825E09985}"
EndProject
Project("{FAE04EC0-301F-11D3-BF4B-00C04F79EFBC}") = "SingletonRW", "Creational\SingletonRW\SingletonRW.csproj", "{EEAD9A9D-3087-4443-B94A-80378287B27D}"
EndProject
Global
	GlobalSection(SolutionConfigurationPlatforms) = preSolution
		Debug|Any CPU = Debug|Any CPU
		Release|Any CPU = Release|Any CPU
	EndGlobalSection
	GlobalSection(ProjectConfigurationPlatforms) = postSolution
		{7D82F06B-D28F-4647-B6E0-D92DA49902F3}.Debug|Any CPU.ActiveCfg = Debug|Any CPU
		{7D82F06B-D28F-4647-B6E0-D92DA49902F3}.Debug|Any CPU.Build.0 = Debug|Any CPU
		{7D82F06B-D28F-4647-B6E0-D92DA49902F3}.Release|Any CPU.ActiveCfg = Release|Any CPU
		{7D82F06B-D28F-4647-B6E0-D92DA49902F3}.Release|Any CPU.Build.0 = Release|Any CPU
		{F1BBE685-3780-4B8B-8A0E-EEBB04E91B1A}.Debug|Any CPU.ActiveCfg = Debug|Any CPU
		{F1BBE685-3780-4B8B-8A0E-EEBB04E91B1A}.Debug|Any CPU.Build.0 = Debug|Any CPU
		{F1BBE685-3780-4B8B-8A0E-EEBB04E91B1A}.Release|Any CPU.ActiveCfg = Release|Any CPU
		{F1BBE685-3780-4B8B-8A0E-EEBB04E91B1A}.Release|Any CPU.Build.0 = Release|Any CPU
		{D24D333C-DB13-454D-AB77-39E433291A8E}.Debug|Any CPU.ActiveCfg = Debug|Any CPU
		{D24D333C-DB13-454D-AB77-39E433291A8E}.Debug|Any CPU.Build.0 = Debug|Any CPU
		{D24D333C-DB13-454D-AB77-39E433291A8E}.Release|Any CPU.ActiveCfg = Release|Any CPU
		{D24D333C-DB13-454D-AB77-39E433291A8E}.Release|Any CPU.Build.0 = Release|Any CPU
		{5736557F-DD33-4B21-A2ED-8E7B125DFDA5}.Debug|Any CPU.ActiveCfg = Debug|Any CPU
		{5736557F-DD33-4B21-A2ED-8E7B125DFDA5}.Debug|Any CPU.Build.0 = Debug|Any CPU
		{5736557F-DD33-4B21-A2ED-8E7B125DFDA5}.Release|Any CPU.ActiveCfg = Release|Any CPU
		{5736557F-DD33-4B21-A2ED-8E7B125DFDA5}.Release|Any CPU.Build.0 = Release|Any CPU
		{41771933-C59C-4AD7-9509-6E74C0035E56}.Debug|Any CPU.ActiveCfg = Debug|Any CPU
		{41771933-C59C-4AD7-9509-6E74C0035E56}.Debug|Any CPU.Build.0 = Debug|Any CPU
		{41771933-C59C-4AD7-9509-6E74C0035E56}.Release|Any CPU.ActiveCfg = Release|Any CPU
		{41771933-C59C-4AD7-9509-6E74C0035E56}.Release|Any CPU.Build.0 = Release|Any CPU
		{CE9B2DFE-EB26-40FC-9BAA-B21414A043CF}.Debug|Any CPU.ActiveCfg = Debug|Any CPU
		{CE9B2DFE-EB26-40FC-9BAA-B21414A043CF}.Debug|Any CPU.Build.0 = Debug|Any CPU
		{CE9B2DFE-EB26-40FC-9BAA-B21414A043CF}.Release|Any CPU.ActiveCfg = Release|Any CPU
		{CE9B2DFE-EB26-40FC-9BAA-B21414A043CF}.Release|Any CPU.Build.0 = Release|Any CPU
		{8D152CE1-ED84-4FF1-9EFD-48BAA90A17D3}.Debug|Any CPU.ActiveCfg = Debug|Any CPU
		{8D152CE1-ED84-4FF1-9EFD-48BAA90A17D3}.Debug|Any CPU.Build.0 = Debug|Any CPU
		{8D152CE1-ED84-4FF1-9EFD-48BAA90A17D3}.Release|Any CPU.ActiveCfg = Release|Any CPU
		{8D152CE1-ED84-4FF1-9EFD-48BAA90A17D3}.Release|Any CPU.Build.0 = Release|Any CPU
		{0E96AB70-A683-4BE7-AE7D-D8073D0314C9}.Debug|Any CPU.ActiveCfg = Debug|Any CPU
		{0E96AB70-A683-4BE7-AE7D-D8073D0314C9}.Debug|Any CPU.Build.0 = Debug|Any CPU
		{0E96AB70-A683-4BE7-AE7D-D8073D0314C9}.Release|Any CPU.ActiveCfg = Release|Any CPU
		{0E96AB70-A683-4BE7-AE7D-D8073D0314C9}.Release|Any CPU.Build.0 = Release|Any CPU
		{1D1D53D4-D7E2-4CCE-922B-345825E09985}.Debug|Any CPU.ActiveCfg = Debug|Any CPU
		{1D1D53D4-D7E2-4CCE-922B-345825E09985}.Debug|Any CPU.Build.0 = Debug|Any CPU
		{1D1D53D4-D7E2-4CCE-922B-345825E09985}.Release|Any CPU.ActiveCfg = Release|Any CPU
		{1D1D53D4-D7E2-4CCE-922B-345825E09985}.Release|Any CPU.Build.0 = Release|Any CPU
		{EEAD9A9D-3087-4443-B94A-80378287B27D}.Debug|Any CPU.ActiveCfg = Debug|Any CPU
		{EEAD9A9D-3087-4443-B94A-80378287B27D}.Debug|Any CPU.Build.0 = Debug|Any CPU
		{EEAD9A9D-3087-4443-B94A-80378287B27D}.Release|Any CPU.ActiveCfg = Release|Any CPU
		{EEAD9A9D-3087-4443-B94A-80378287B27D}.Release|Any CPU.Build.0 = Release|Any CPU
	EndGlobalSection
	GlobalSection(SolutionProperties) = preSolution
		HideSolutionNode = FALSE
	EndGlobalSection
	GlobalSection(NestedProjects) = preSolution
		{7D82F06B-D28F-4647-B6E0-D92DA49902F3} = {4213E35D-652E-41BC-81E5-61428FF5805E}
		{F1BBE685-3780-4B8B-8A0E-EEBB04E91B1A} = {4213E35D-652E-41BC-81E5-61428FF5805E}
		{D24D333C-DB13-454D-AB77-39E433291A8E} = {4213E35D-652E-41BC-81E5-61428FF5805E}
		{5736557F-DD33-4B21-A2ED-8E7B125DFDA5} = {4213E35D-652E-41BC-81E5-61428FF5805E}
		{41771933-C59C-4AD7-9509-6E74C0035E56} = {4213E35D-652E-41BC-81E5-61428FF5805E}
		{CE9B2DFE-EB26-40FC-9BAA-B21414A043CF} = {4213E35D-652E-41BC-81E5-61428FF5805E}
		{8D152CE1-ED84-4FF1-9EFD-48BAA90A17D3} = {4213E35D-652E-41BC-81E5-61428FF5805E}
		{0E96AB70-A683-4BE7-AE7D-D8073D0314C9} = {4213E35D-652E-41BC-81E5-61428FF5805E}
		{1D1D53D4-D7E2-4CCE-922B-345825E09985} = {4213E35D-652E-41BC-81E5-61428FF5805E}
		{EEAD9A9D-3087-4443-B94A-80378287B27D} = {4213E35D-652E-41BC-81E5-61428FF5805E}
	EndGlobalSection
	GlobalSection(ExtensibilityGlobals) = postSolution
		SolutionGuid = {FE7F06BF-6749-4DF2-B537-E4FF95B855AF}
	EndGlobalSection
EndGlobal
