
Microsoft Visual Studio Solution File, Format Version 12.00
# Visual Studio Version 16
VisualStudioVersion = 16.0.31205.134
MinimumVisualStudioVersion = 10.0.40219.1
Project("{2150E333-8FDC-42A3-9474-1A3956D46DE8}") = "Behavioral", "Behavioral", "{ED6820C0-D621-424A-8BAA-0187268EBE69}"
EndProject
Project("{2150E333-8FDC-42A3-9474-1A3956D46DE8}") = "Creational", "Creational", "{4213E35D-652E-41BC-81E5-61428FF5805E}"
EndProject
Project("{2150E333-8FDC-42A3-9474-1A3956D46DE8}") = "Structural", "Structural", "{9C903A78-F41E-4B15-A369-FC1B644D8D98}"
EndProject
Project("{9A19103F-16F7-4668-BE54-9A1E7A4F7556}") = "AbstractFactory", "Creational\AbstractFactory\AbstractFactory.csproj", "{7D82F06B-D28F-4647-B6E0-D92DA49902F3}"
EndProject
Project("{9A19103F-16F7-4668-BE54-9A1E7A4F7556}") = "Builder", "Creational\Builder\Builder.csproj", "{F1BBE685-3780-4B8B-8A0E-EEBB04E91B1A}"
EndProject
Project("{9A19103F-16F7-4668-BE54-9A1E7A4F7556}") = "AbstractFactoryRW", "Creational\AbstractFactoryRW\AbstractFactoryRW.csproj", "{D24D333C-DB13-454D-AB77-39E433291A8E}"
EndProject
Project("{9A19103F-16F7-4668-BE54-9A1E7A4F7556}") = "BuilderRW", "Creational\BuilderRW\BuilderRW.csproj", "{5736557F-DD33-4B21-A2ED-8E7B125DFDA5}"
EndProject
Project("{9A19103F-16F7-4668-BE54-9A1E7A4F7556}") = "FactoryMethod", "Creational\FactoryMethod\FactoryMethod.csproj", "{41771933-C59C-4AD7-9509-6E74C0035E56}"
EndProject
Project("{9A19103F-16F7-4668-BE54-9A1E7A4F7556}") = "FactoryMethodRW", "Creational\FactoryMethodRW\FactoryMethodRW.csproj", "{CE9B2DFE-EB26-40FC-9BAA-B21414A043CF}"
EndProject
Project("{9A19103F-16F7-4668-BE54-9A1E7A4F7556}") = "Prototype", "Creational\Prototype\Prototype.csproj", "{8D152CE1-ED84-4FF1-9EFD-48BAA90A17D3}"
EndProject
Project("{9A19103F-16F7-4668-BE54-9A1E7A4F7556}") = "PrototypeRW", "Creational\PrototypeRW\PrototypeRW.csproj", "{0E96AB70-A683-4BE7-AE7D-D8073D0314C9}"
EndProject
Project("{9A19103F-16F7-4668-BE54-9A1E7A4F7556}") = "Singleton", "Creational\Singleton\Singleton.csproj", "{1D1D53D4-D7E2-4CCE-922B-345825E09985}"
EndProject
Project("{9A19103F-16F7-4668-BE54-9A1E7A4F7556}") = "SingletonRW", "Creational\SingletonRW\SingletonRW.csproj", "{EEAD9A9D-3087-4443-B94A-80378287B27D}"
EndProject
Project("{9A19103F-16F7-4668-BE54-9A1E7A4F7556}") = "Adapter", "Structural\Adapter\Adapter.csproj", "{8BC6155B-6B0A-4831-AD6F-A07686293488}"
EndProject
Project("{9A19103F-16F7-4668-BE54-9A1E7A4F7556}") = "AdapterRW", "Structural\AdapterRW\AdapterRW.csproj", "{A8255C46-AFEA-4B14-BC23-8783BB20E6B8}"
EndProject
Project("{9A19103F-16F7-4668-BE54-9A1E7A4F7556}") = "Bridge", "Structural\Bridge\Bridge.csproj", "{2A1357D0-F20C-42A3-A369-E246EF418B99}"
EndProject
Project("{9A19103F-16F7-4668-BE54-9A1E7A4F7556}") = "BridgeRW", "Structural\BridgeRW\BridgeRW.csproj", "{BB09DDEB-5D25-4A96-96DB-C79C2FE15BD4}"
EndProject
Project("{9A19103F-16F7-4668-BE54-9A1E7A4F7556}") = "Composite", "Structural\Composite\Composite.csproj", "{391F9828-C846-46A5-85ED-CD78A42E99E7}"
EndProject
Project("{9A19103F-16F7-4668-BE54-9A1E7A4F7556}") = "CompositeRW", "Structural\CompositeRW\CompositeRW.csproj", "{9B193976-45AD-4177-B23B-E4914F753D76}"
EndProject
Project("{9A19103F-16F7-4668-BE54-9A1E7A4F7556}") = "Decorator", "Structural\Decorator\Decorator.csproj", "{6BF70AE7-7096-4A9E-B0BF-6C9F439BB8A3}"
EndProject
Project("{9A19103F-16F7-4668-BE54-9A1E7A4F7556}") = "DecoratorRW", "Structural\DecoratorRW\DecoratorRW.csproj", "{F5BD5D53-F411-4D7D-A758-8BB7B7EAB265}"
EndProject
Project("{9A19103F-16F7-4668-BE54-9A1E7A4F7556}") = "Facade", "Structural\Facade\Facade.csproj", "{ED765ECB-D23E-4734-8DE8-21E2BDF0DCB0}"
EndProject
Project("{9A19103F-16F7-4668-BE54-9A1E7A4F7556}") = "FacadeRW", "Structural\FacadeRW\FacadeRW.csproj", "{DE80C1BB-A540-4506-93F0-1935B53AD6ED}"
EndProject
Project("{9A19103F-16F7-4668-BE54-9A1E7A4F7556}") = "Flyweight", "Structural\Flyweight\Flyweight.csproj", "{17223CF8-A7F6-4CAB-B039-C98A01053E3C}"
EndProject
Project("{9A19103F-16F7-4668-BE54-9A1E7A4F7556}") = "FlyweightRW", "Structural\FlyweightRW\FlyweightRW.csproj", "{82C87B33-EECA-43B0-A238-C2505011B301}"
EndProject
Project("{9A19103F-16F7-4668-BE54-9A1E7A4F7556}") = "Proxy", "Structural\Proxy\Proxy.csproj", "{0D2F0FBA-FA3C-47F3-AE82-A15173F621C0}"
EndProject
Project("{9A19103F-16F7-4668-BE54-9A1E7A4F7556}") = "ProxyRW", "Structural\ProxyRW\ProxyRW.csproj", "{52018E75-0297-42E5-A2F2-8E7EE96515AB}"
EndProject
Project("{FAE04EC0-301F-11D3-BF4B-00C04F79EFBC}") = "ChainOfResp", "Behavioral\ChainOfResp\ChainOfResp.csproj", "{3338447A-BE40-4B3A-AB61-2ACD45B320B3}"
EndProject
Project("{FAE04EC0-301F-11D3-BF4B-00C04F79EFBC}") = "ChainOfRespRW", "Behavioral\ChainOfRespRW\ChainOfRespRW.csproj", "{D87971DA-53DB-47FD-BBDF-C02E0C23959B}"
EndProject
Project("{FAE04EC0-301F-11D3-BF4B-00C04F79EFBC}") = "Command", "Behavioral\Command\Command.csproj", "{1AF6B8B0-18FE-48BB-9E4C-24527BC5D851}"
EndProject
Project("{FAE04EC0-301F-11D3-BF4B-00C04F79EFBC}") = "CommandRW", "Behavioral\CommandRW\CommandRW.csproj", "{3DF5439B-6FDA-480B-8CC2-D26277F69973}"
EndProject
Project("{FAE04EC0-301F-11D3-BF4B-00C04F79EFBC}") = "Interpreter", "Behavioral\Interpreter\Interpreter.csproj", "{B54DE50E-71F1-468A-8EEB-FD2886687019}"
EndProject
Project("{FAE04EC0-301F-11D3-BF4B-00C04F79EFBC}") = "InterpreterRW", "Behavioral\InterpreterRW\InterpreterRW.csproj", "{B626F514-B3A6-4ED1-AC82-C91791854EA0}"
EndProject
Project("{FAE04EC0-301F-11D3-BF4B-00C04F79EFBC}") = "Iterator", "Behavioral\Iterator\Iterator.csproj", "{18EBCAFA-7A9C-428B-B802-A4028E98D96E}"
EndProject
Project("{FAE04EC0-301F-11D3-BF4B-00C04F79EFBC}") = "IteratorRW", "Behavioral\IteratorRW\IteratorRW.csproj", "{D61F241C-DE16-4C3F-8BE9-F530169551E0}"
EndProject
Project("{FAE04EC0-301F-11D3-BF4B-00C04F79EFBC}") = "Mediator", "Behavioral\Mediator\Mediator.csproj", "{5DB6ADBE-78EC-4DF3-9D12-F4136D19866A}"
EndProject
Project("{FAE04EC0-301F-11D3-BF4B-00C04F79EFBC}") = "MediatorRW", "Behavioral\MediatorRW\MediatorRW.csproj", "{0BB3E91B-6AFD-4383-9770-A58305E35E84}"
EndProject
Project("{FAE04EC0-301F-11D3-BF4B-00C04F79EFBC}") = "Memento", "Behavioral\Memento\Memento.csproj", "{C01F6FF1-43ED-413B-B226-0A9AEAF1FE06}"
EndProject
Project("{FAE04EC0-301F-11D3-BF4B-00C04F79EFBC}") = "MementoRW", "Behavioral\MementoRW\MementoRW.csproj", "{90B414BA-8155-4F81-9BE3-E32A844533C2}"
EndProject
Project("{FAE04EC0-301F-11D3-BF4B-00C04F79EFBC}") = "Observer", "Behavioral\Observer\Observer.csproj", "{A8F46DD0-F3CA-4278-A9EE-4DEEE490F170}"
EndProject
Project("{FAE04EC0-301F-11D3-BF4B-00C04F79EFBC}") = "ObserverRW", "Behavioral\ObserverRW\ObserverRW.csproj", "{E63201DA-4638-4FB8-953E-5E53256E4061}"
EndProject
Project("{FAE04EC0-301F-11D3-BF4B-00C04F79EFBC}") = "State", "Behavioral\State\State.csproj", "{018CAEAA-4A94-437B-89DF-BDB40D3142A0}"
EndProject
Project("{FAE04EC0-301F-11D3-BF4B-00C04F79EFBC}") = "StateRW", "Behavioral\StateRW\StateRW.csproj", "{4C6B0141-A9F1-4D5F-9AE8-96E076E560C1}"
EndProject
Project("{FAE04EC0-301F-11D3-BF4B-00C04F79EFBC}") = "Strategy", "Behavioral\Strategy\Strategy.csproj", "{E7725782-B1FA-4D03-803A-3E4DFAD31C54}"
EndProject
Project("{FAE04EC0-301F-11D3-BF4B-00C04F79EFBC}") = "StrategyRW", "Behavioral\StrategyRW\StrategyRW.csproj", "{487B4DF0-7C84-4CAF-83FA-2641A12C5596}"
EndProject
Project("{FAE04EC0-301F-11D3-BF4B-00C04F79EFBC}") = "TemplateMethod", "Behavioral\TemplateMethod\TemplateMethod.csproj", "{7A27EC3D-3F0F-4F39-88FE-2920B5EAAB22}"
EndProject
Project("{FAE04EC0-301F-11D3-BF4B-00C04F79EFBC}") = "TemplateMethodRW", "Behavioral\TemplateMethodRW\TemplateMethodRW.csproj", "{36753C9A-5161-4E30-BE66-067FAE90FF16}"
EndProject
Project("{FAE04EC0-301F-11D3-BF4B-00C04F79EFBC}") = "Visitor", "Behavioral\Visitor\Visitor.csproj", "{1DB58190-2C18-40E7-A366-E9603074477A}"
EndProject
Project("{FAE04EC0-301F-11D3-BF4B-00C04F79EFBC}") = "VisitorRW", "Behavioral\VisitorRW\VisitorRW.csproj", "{A035C887-C8C3-480C-8F19-3208E4652263}"
EndProject
Global
	GlobalSection(SolutionConfigurationPlatforms) = preSolution
		Debug|Any CPU = Debug|Any CPU
		Release|Any CPU = Release|Any CPU
	EndGlobalSection
	GlobalSection(ProjectConfigurationPlatforms) = postSolution
		{7D82F06B-D28F-4647-B6E0-D92DA49902F3}.Debug|Any CPU.ActiveCfg = Debug|Any CPU
		{7D82F06B-D28F-4647-B6E0-D92DA49902F3}.Debug|Any CPU.Build.0 = Debug|Any CPU
		{7D82F06B-D28F-4647-B6E0-D92DA49902F3}.Release|Any CPU.ActiveCfg = Release|Any CPU
		{7D82F06B-D28F-4647-B6E0-D92DA49902F3}.Release|Any CPU.Build.0 = Release|Any CPU
		{F1BBE685-3780-4B8B-8A0E-EEBB04E91B1A}.Debug|Any CPU.ActiveCfg = Debug|Any CPU
		{F1BBE685-3780-4B8B-8A0E-EEBB04E91B1A}.Debug|Any CPU.Build.0 = Debug|Any CPU
		{F1BBE685-3780-4B8B-8A0E-EEBB04E91B1A}.Release|Any CPU.ActiveCfg = Release|Any CPU
		{F1BBE685-3780-4B8B-8A0E-EEBB04E91B1A}.Release|Any CPU.Build.0 = Release|Any CPU
		{D24D333C-DB13-454D-AB77-39E433291A8E}.Debug|Any CPU.ActiveCfg = Debug|Any CPU
		{D24D333C-DB13-454D-AB77-39E433291A8E}.Debug|Any CPU.Build.0 = Debug|Any CPU
		{D24D333C-DB13-454D-AB77-39E433291A8E}.Release|Any CPU.ActiveCfg = Release|Any CPU
		{D24D333C-DB13-454D-AB77-39E433291A8E}.Release|Any CPU.Build.0 = Release|Any CPU
		{5736557F-DD33-4B21-A2ED-8E7B125DFDA5}.Debug|Any CPU.ActiveCfg = Debug|Any CPU
		{5736557F-DD33-4B21-A2ED-8E7B125DFDA5}.Debug|Any CPU.Build.0 = Debug|Any CPU
		{5736557F-DD33-4B21-A2ED-8E7B125DFDA5}.Release|Any CPU.ActiveCfg = Release|Any CPU
		{5736557F-DD33-4B21-A2ED-8E7B125DFDA5}.Release|Any CPU.Build.0 = Release|Any CPU
		{41771933-C59C-4AD7-9509-6E74C0035E56}.Debug|Any CPU.ActiveCfg = Debug|Any CPU
		{41771933-C59C-4AD7-9509-6E74C0035E56}.Debug|Any CPU.Build.0 = Debug|Any CPU
		{41771933-C59C-4AD7-9509-6E74C0035E56}.Release|Any CPU.ActiveCfg = Release|Any CPU
		{41771933-C59C-4AD7-9509-6E74C0035E56}.Release|Any CPU.Build.0 = Release|Any CPU
		{CE9B2DFE-EB26-40FC-9BAA-B21414A043CF}.Debug|Any CPU.ActiveCfg = Debug|Any CPU
		{CE9B2DFE-EB26-40FC-9BAA-B21414A043CF}.Debug|Any CPU.Build.0 = Debug|Any CPU
		{CE9B2DFE-EB26-40FC-9BAA-B21414A043CF}.Release|Any CPU.ActiveCfg = Release|Any CPU
		{CE9B2DFE-EB26-40FC-9BAA-B21414A043CF}.Release|Any CPU.Build.0 = Release|Any CPU
		{8D152CE1-ED84-4FF1-9EFD-48BAA90A17D3}.Debug|Any CPU.ActiveCfg = Debug|Any CPU
		{8D152CE1-ED84-4FF1-9EFD-48BAA90A17D3}.Debug|Any CPU.Build.0 = Debug|Any CPU
		{8D152CE1-ED84-4FF1-9EFD-48BAA90A17D3}.Release|Any CPU.ActiveCfg = Release|Any CPU
		{8D152CE1-ED84-4FF1-9EFD-48BAA90A17D3}.Release|Any CPU.Build.0 = Release|Any CPU
		{0E96AB70-A683-4BE7-AE7D-D8073D0314C9}.Debug|Any CPU.ActiveCfg = Debug|Any CPU
		{0E96AB70-A683-4BE7-AE7D-D8073D0314C9}.Debug|Any CPU.Build.0 = Debug|Any CPU
		{0E96AB70-A683-4BE7-AE7D-D8073D0314C9}.Release|Any CPU.ActiveCfg = Release|Any CPU
		{0E96AB70-A683-4BE7-AE7D-D8073D0314C9}.Release|Any CPU.Build.0 = Release|Any CPU
		{1D1D53D4-D7E2-4CCE-922B-345825E09985}.Debug|Any CPU.ActiveCfg = Debug|Any CPU
		{1D1D53D4-D7E2-4CCE-922B-345825E09985}.Debug|Any CPU.Build.0 = Debug|Any CPU
		{1D1D53D4-D7E2-4CCE-922B-345825E09985}.Release|Any CPU.ActiveCfg = Release|Any CPU
		{1D1D53D4-D7E2-4CCE-922B-345825E09985}.Release|Any CPU.Build.0 = Release|Any CPU
		{EEAD9A9D-3087-4443-B94A-80378287B27D}.Debug|Any CPU.ActiveCfg = Debug|Any CPU
		{EEAD9A9D-3087-4443-B94A-80378287B27D}.Debug|Any CPU.Build.0 = Debug|Any CPU
		{EEAD9A9D-3087-4443-B94A-80378287B27D}.Release|Any CPU.ActiveCfg = Release|Any CPU
		{EEAD9A9D-3087-4443-B94A-80378287B27D}.Release|Any CPU.Build.0 = Release|Any CPU
		{8BC6155B-6B0A-4831-AD6F-A07686293488}.Debug|Any CPU.ActiveCfg = Debug|Any CPU
		{8BC6155B-6B0A-4831-AD6F-A07686293488}.Debug|Any CPU.Build.0 = Debug|Any CPU
		{8BC6155B-6B0A-4831-AD6F-A07686293488}.Release|Any CPU.ActiveCfg = Release|Any CPU
		{8BC6155B-6B0A-4831-AD6F-A07686293488}.Release|Any CPU.Build.0 = Release|Any CPU
		{A8255C46-AFEA-4B14-BC23-8783BB20E6B8}.Debug|Any CPU.ActiveCfg = Debug|Any CPU
		{A8255C46-AFEA-4B14-BC23-8783BB20E6B8}.Debug|Any CPU.Build.0 = Debug|Any CPU
		{A8255C46-AFEA-4B14-BC23-8783BB20E6B8}.Release|Any CPU.ActiveCfg = Release|Any CPU
		{A8255C46-AFEA-4B14-BC23-8783BB20E6B8}.Release|Any CPU.Build.0 = Release|Any CPU
		{2A1357D0-F20C-42A3-A369-E246EF418B99}.Debug|Any CPU.ActiveCfg = Debug|Any CPU
		{2A1357D0-F20C-42A3-A369-E246EF418B99}.Debug|Any CPU.Build.0 = Debug|Any CPU
		{2A1357D0-F20C-42A3-A369-E246EF418B99}.Release|Any CPU.ActiveCfg = Release|Any CPU
		{2A1357D0-F20C-42A3-A369-E246EF418B99}.Release|Any CPU.Build.0 = Release|Any CPU
		{BB09DDEB-5D25-4A96-96DB-C79C2FE15BD4}.Debug|Any CPU.ActiveCfg = Debug|Any CPU
		{BB09DDEB-5D25-4A96-96DB-C79C2FE15BD4}.Debug|Any CPU.Build.0 = Debug|Any CPU
		{BB09DDEB-5D25-4A96-96DB-C79C2FE15BD4}.Release|Any CPU.ActiveCfg = Release|Any CPU
		{BB09DDEB-5D25-4A96-96DB-C79C2FE15BD4}.Release|Any CPU.Build.0 = Release|Any CPU
		{391F9828-C846-46A5-85ED-CD78A42E99E7}.Debug|Any CPU.ActiveCfg = Debug|Any CPU
		{391F9828-C846-46A5-85ED-CD78A42E99E7}.Debug|Any CPU.Build.0 = Debug|Any CPU
		{391F9828-C846-46A5-85ED-CD78A42E99E7}.Release|Any CPU.ActiveCfg = Release|Any CPU
		{391F9828-C846-46A5-85ED-CD78A42E99E7}.Release|Any CPU.Build.0 = Release|Any CPU
		{9B193976-45AD-4177-B23B-E4914F753D76}.Debug|Any CPU.ActiveCfg = Debug|Any CPU
		{9B193976-45AD-4177-B23B-E4914F753D76}.Debug|Any CPU.Build.0 = Debug|Any CPU
		{9B193976-45AD-4177-B23B-E4914F753D76}.Release|Any CPU.ActiveCfg = Release|Any CPU
		{9B193976-45AD-4177-B23B-E4914F753D76}.Release|Any CPU.Build.0 = Release|Any CPU
		{6BF70AE7-7096-4A9E-B0BF-6C9F439BB8A3}.Debug|Any CPU.ActiveCfg = Debug|Any CPU
		{6BF70AE7-7096-4A9E-B0BF-6C9F439BB8A3}.Debug|Any CPU.Build.0 = Debug|Any CPU
		{6BF70AE7-7096-4A9E-B0BF-6C9F439BB8A3}.Release|Any CPU.ActiveCfg = Release|Any CPU
		{6BF70AE7-7096-4A9E-B0BF-6C9F439BB8A3}.Release|Any CPU.Build.0 = Release|Any CPU
		{F5BD5D53-F411-4D7D-A758-8BB7B7EAB265}.Debug|Any CPU.ActiveCfg = Debug|Any CPU
		{F5BD5D53-F411-4D7D-A758-8BB7B7EAB265}.Debug|Any CPU.Build.0 = Debug|Any CPU
		{F5BD5D53-F411-4D7D-A758-8BB7B7EAB265}.Release|Any CPU.ActiveCfg = Release|Any CPU
		{F5BD5D53-F411-4D7D-A758-8BB7B7EAB265}.Release|Any CPU.Build.0 = Release|Any CPU
		{ED765ECB-D23E-4734-8DE8-21E2BDF0DCB0}.Debug|Any CPU.ActiveCfg = Debug|Any CPU
		{ED765ECB-D23E-4734-8DE8-21E2BDF0DCB0}.Debug|Any CPU.Build.0 = Debug|Any CPU
		{ED765ECB-D23E-4734-8DE8-21E2BDF0DCB0}.Release|Any CPU.ActiveCfg = Release|Any CPU
		{ED765ECB-D23E-4734-8DE8-21E2BDF0DCB0}.Release|Any CPU.Build.0 = Release|Any CPU
		{DE80C1BB-A540-4506-93F0-1935B53AD6ED}.Debug|Any CPU.ActiveCfg = Debug|Any CPU
		{DE80C1BB-A540-4506-93F0-1935B53AD6ED}.Debug|Any CPU.Build.0 = Debug|Any CPU
		{DE80C1BB-A540-4506-93F0-1935B53AD6ED}.Release|Any CPU.ActiveCfg = Release|Any CPU
		{DE80C1BB-A540-4506-93F0-1935B53AD6ED}.Release|Any CPU.Build.0 = Release|Any CPU
		{17223CF8-A7F6-4CAB-B039-C98A01053E3C}.Debug|Any CPU.ActiveCfg = Debug|Any CPU
		{17223CF8-A7F6-4CAB-B039-C98A01053E3C}.Debug|Any CPU.Build.0 = Debug|Any CPU
		{17223CF8-A7F6-4CAB-B039-C98A01053E3C}.Release|Any CPU.ActiveCfg = Release|Any CPU
		{17223CF8-A7F6-4CAB-B039-C98A01053E3C}.Release|Any CPU.Build.0 = Release|Any CPU
		{82C87B33-EECA-43B0-A238-C2505011B301}.Debug|Any CPU.ActiveCfg = Debug|Any CPU
		{82C87B33-EECA-43B0-A238-C2505011B301}.Debug|Any CPU.Build.0 = Debug|Any CPU
		{82C87B33-EECA-43B0-A238-C2505011B301}.Release|Any CPU.ActiveCfg = Release|Any CPU
		{82C87B33-EECA-43B0-A238-C2505011B301}.Release|Any CPU.Build.0 = Release|Any CPU
		{0D2F0FBA-FA3C-47F3-AE82-A15173F621C0}.Debug|Any CPU.ActiveCfg = Debug|Any CPU
		{0D2F0FBA-FA3C-47F3-AE82-A15173F621C0}.Debug|Any CPU.Build.0 = Debug|Any CPU
		{0D2F0FBA-FA3C-47F3-AE82-A15173F621C0}.Release|Any CPU.ActiveCfg = Release|Any CPU
		{0D2F0FBA-FA3C-47F3-AE82-A15173F621C0}.Release|Any CPU.Build.0 = Release|Any CPU
		{52018E75-0297-42E5-A2F2-8E7EE96515AB}.Debug|Any CPU.ActiveCfg = Debug|Any CPU
		{52018E75-0297-42E5-A2F2-8E7EE96515AB}.Debug|Any CPU.Build.0 = Debug|Any CPU
		{52018E75-0297-42E5-A2F2-8E7EE96515AB}.Release|Any CPU.ActiveCfg = Release|Any CPU
		{52018E75-0297-42E5-A2F2-8E7EE96515AB}.Release|Any CPU.Build.0 = Release|Any CPU
		{3338447A-BE40-4B3A-AB61-2ACD45B320B3}.Debug|Any CPU.ActiveCfg = Debug|Any CPU
		{3338447A-BE40-4B3A-AB61-2ACD45B320B3}.Debug|Any CPU.Build.0 = Debug|Any CPU
		{3338447A-BE40-4B3A-AB61-2ACD45B320B3}.Release|Any CPU.ActiveCfg = Release|Any CPU
		{3338447A-BE40-4B3A-AB61-2ACD45B320B3}.Release|Any CPU.Build.0 = Release|Any CPU
		{D87971DA-53DB-47FD-BBDF-C02E0C23959B}.Debug|Any CPU.ActiveCfg = Debug|Any CPU
		{D87971DA-53DB-47FD-BBDF-C02E0C23959B}.Debug|Any CPU.Build.0 = Debug|Any CPU
		{D87971DA-53DB-47FD-BBDF-C02E0C23959B}.Release|Any CPU.ActiveCfg = Release|Any CPU
		{D87971DA-53DB-47FD-BBDF-C02E0C23959B}.Release|Any CPU.Build.0 = Release|Any CPU
		{1AF6B8B0-18FE-48BB-9E4C-24527BC5D851}.Debug|Any CPU.ActiveCfg = Debug|Any CPU
		{1AF6B8B0-18FE-48BB-9E4C-24527BC5D851}.Debug|Any CPU.Build.0 = Debug|Any CPU
		{1AF6B8B0-18FE-48BB-9E4C-24527BC5D851}.Release|Any CPU.ActiveCfg = Release|Any CPU
		{1AF6B8B0-18FE-48BB-9E4C-24527BC5D851}.Release|Any CPU.Build.0 = Release|Any CPU
		{3DF5439B-6FDA-480B-8CC2-D26277F69973}.Debug|Any CPU.ActiveCfg = Debug|Any CPU
		{3DF5439B-6FDA-480B-8CC2-D26277F69973}.Debug|Any CPU.Build.0 = Debug|Any CPU
		{3DF5439B-6FDA-480B-8CC2-D26277F69973}.Release|Any CPU.ActiveCfg = Release|Any CPU
		{3DF5439B-6FDA-480B-8CC2-D26277F69973}.Release|Any CPU.Build.0 = Release|Any CPU
		{B54DE50E-71F1-468A-8EEB-FD2886687019}.Debug|Any CPU.ActiveCfg = Debug|Any CPU
		{B54DE50E-71F1-468A-8EEB-FD2886687019}.Debug|Any CPU.Build.0 = Debug|Any CPU
		{B54DE50E-71F1-468A-8EEB-FD2886687019}.Release|Any CPU.ActiveCfg = Release|Any CPU
		{B54DE50E-71F1-468A-8EEB-FD2886687019}.Release|Any CPU.Build.0 = Release|Any CPU
		{B626F514-B3A6-4ED1-AC82-C91791854EA0}.Debug|Any CPU.ActiveCfg = Debug|Any CPU
		{B626F514-B3A6-4ED1-AC82-C91791854EA0}.Debug|Any CPU.Build.0 = Debug|Any CPU
		{B626F514-B3A6-4ED1-AC82-C91791854EA0}.Release|Any CPU.ActiveCfg = Release|Any CPU
		{B626F514-B3A6-4ED1-AC82-C91791854EA0}.Release|Any CPU.Build.0 = Release|Any CPU
		{18EBCAFA-7A9C-428B-B802-A4028E98D96E}.Debug|Any CPU.ActiveCfg = Debug|Any CPU
		{18EBCAFA-7A9C-428B-B802-A4028E98D96E}.Debug|Any CPU.Build.0 = Debug|Any CPU
		{18EBCAFA-7A9C-428B-B802-A4028E98D96E}.Release|Any CPU.ActiveCfg = Release|Any CPU
		{18EBCAFA-7A9C-428B-B802-A4028E98D96E}.Release|Any CPU.Build.0 = Release|Any CPU
		{D61F241C-DE16-4C3F-8BE9-F530169551E0}.Debug|Any CPU.ActiveCfg = Debug|Any CPU
		{D61F241C-DE16-4C3F-8BE9-F530169551E0}.Debug|Any CPU.Build.0 = Debug|Any CPU
		{D61F241C-DE16-4C3F-8BE9-F530169551E0}.Release|Any CPU.ActiveCfg = Release|Any CPU
		{D61F241C-DE16-4C3F-8BE9-F530169551E0}.Release|Any CPU.Build.0 = Release|Any CPU
		{5DB6ADBE-78EC-4DF3-9D12-F4136D19866A}.Debug|Any CPU.ActiveCfg = Debug|Any CPU
		{5DB6ADBE-78EC-4DF3-9D12-F4136D19866A}.Debug|Any CPU.Build.0 = Debug|Any CPU
		{5DB6ADBE-78EC-4DF3-9D12-F4136D19866A}.Release|Any CPU.ActiveCfg = Release|Any CPU
		{5DB6ADBE-78EC-4DF3-9D12-F4136D19866A}.Release|Any CPU.Build.0 = Release|Any CPU
		{0BB3E91B-6AFD-4383-9770-A58305E35E84}.Debug|Any CPU.ActiveCfg = Debug|Any CPU
		{0BB3E91B-6AFD-4383-9770-A58305E35E84}.Debug|Any CPU.Build.0 = Debug|Any CPU
		{0BB3E91B-6AFD-4383-9770-A58305E35E84}.Release|Any CPU.ActiveCfg = Release|Any CPU
		{0BB3E91B-6AFD-4383-9770-A58305E35E84}.Release|Any CPU.Build.0 = Release|Any CPU
		{C01F6FF1-43ED-413B-B226-0A9AEAF1FE06}.Debug|Any CPU.ActiveCfg = Debug|Any CPU
		{C01F6FF1-43ED-413B-B226-0A9AEAF1FE06}.Debug|Any CPU.Build.0 = Debug|Any CPU
		{C01F6FF1-43ED-413B-B226-0A9AEAF1FE06}.Release|Any CPU.ActiveCfg = Release|Any CPU
		{C01F6FF1-43ED-413B-B226-0A9AEAF1FE06}.Release|Any CPU.Build.0 = Release|Any CPU
		{90B414BA-8155-4F81-9BE3-E32A844533C2}.Debug|Any CPU.ActiveCfg = Debug|Any CPU
		{90B414BA-8155-4F81-9BE3-E32A844533C2}.Debug|Any CPU.Build.0 = Debug|Any CPU
		{90B414BA-8155-4F81-9BE3-E32A844533C2}.Release|Any CPU.ActiveCfg = Release|Any CPU
		{90B414BA-8155-4F81-9BE3-E32A844533C2}.Release|Any CPU.Build.0 = Release|Any CPU
		{A8F46DD0-F3CA-4278-A9EE-4DEEE490F170}.Debug|Any CPU.ActiveCfg = Debug|Any CPU
		{A8F46DD0-F3CA-4278-A9EE-4DEEE490F170}.Debug|Any CPU.Build.0 = Debug|Any CPU
		{A8F46DD0-F3CA-4278-A9EE-4DEEE490F170}.Release|Any CPU.ActiveCfg = Release|Any CPU
		{A8F46DD0-F3CA-4278-A9EE-4DEEE490F170}.Release|Any CPU.Build.0 = Release|Any CPU
		{E63201DA-4638-4FB8-953E-5E53256E4061}.Debug|Any CPU.ActiveCfg = Debug|Any CPU
		{E63201DA-4638-4FB8-953E-5E53256E4061}.Debug|Any CPU.Build.0 = Debug|Any CPU
		{E63201DA-4638-4FB8-953E-5E53256E4061}.Release|Any CPU.ActiveCfg = Release|Any CPU
		{E63201DA-4638-4FB8-953E-5E53256E4061}.Release|Any CPU.Build.0 = Release|Any CPU
		{018CAEAA-4A94-437B-89DF-BDB40D3142A0}.Debug|Any CPU.ActiveCfg = Debug|Any CPU
		{018CAEAA-4A94-437B-89DF-BDB40D3142A0}.Debug|Any CPU.Build.0 = Debug|Any CPU
		{018CAEAA-4A94-437B-89DF-BDB40D3142A0}.Release|Any CPU.ActiveCfg = Release|Any CPU
		{018CAEAA-4A94-437B-89DF-BDB40D3142A0}.Release|Any CPU.Build.0 = Release|Any CPU
		{4C6B0141-A9F1-4D5F-9AE8-96E076E560C1}.Debug|Any CPU.ActiveCfg = Debug|Any CPU
		{4C6B0141-A9F1-4D5F-9AE8-96E076E560C1}.Debug|Any CPU.Build.0 = Debug|Any CPU
		{4C6B0141-A9F1-4D5F-9AE8-96E076E560C1}.Release|Any CPU.ActiveCfg = Release|Any CPU
		{4C6B0141-A9F1-4D5F-9AE8-96E076E560C1}.Release|Any CPU.Build.0 = Release|Any CPU
		{E7725782-B1FA-4D03-803A-3E4DFAD31C54}.Debug|Any CPU.ActiveCfg = Debug|Any CPU
		{E7725782-B1FA-4D03-803A-3E4DFAD31C54}.Debug|Any CPU.Build.0 = Debug|Any CPU
		{E7725782-B1FA-4D03-803A-3E4DFAD31C54}.Release|Any CPU.ActiveCfg = Release|Any CPU
		{E7725782-B1FA-4D03-803A-3E4DFAD31C54}.Release|Any CPU.Build.0 = Release|Any CPU
		{487B4DF0-7C84-4CAF-83FA-2641A12C5596}.Debug|Any CPU.ActiveCfg = Debug|Any CPU
		{487B4DF0-7C84-4CAF-83FA-2641A12C5596}.Debug|Any CPU.Build.0 = Debug|Any CPU
		{487B4DF0-7C84-4CAF-83FA-2641A12C5596}.Release|Any CPU.ActiveCfg = Release|Any CPU
		{487B4DF0-7C84-4CAF-83FA-2641A12C5596}.Release|Any CPU.Build.0 = Release|Any CPU
		{7A27EC3D-3F0F-4F39-88FE-2920B5EAAB22}.Debug|Any CPU.ActiveCfg = Debug|Any CPU
		{7A27EC3D-3F0F-4F39-88FE-2920B5EAAB22}.Debug|Any CPU.Build.0 = Debug|Any CPU
		{7A27EC3D-3F0F-4F39-88FE-2920B5EAAB22}.Release|Any CPU.ActiveCfg = Release|Any CPU
		{7A27EC3D-3F0F-4F39-88FE-2920B5EAAB22}.Release|Any CPU.Build.0 = Release|Any CPU
		{36753C9A-5161-4E30-BE66-067FAE90FF16}.Debug|Any CPU.ActiveCfg = Debug|Any CPU
		{36753C9A-5161-4E30-BE66-067FAE90FF16}.Debug|Any CPU.Build.0 = Debug|Any CPU
		{36753C9A-5161-4E30-BE66-067FAE90FF16}.Release|Any CPU.ActiveCfg = Release|Any CPU
		{36753C9A-5161-4E30-BE66-067FAE90FF16}.Release|Any CPU.Build.0 = Release|Any CPU
		{1DB58190-2C18-40E7-A366-E9603074477A}.Debug|Any CPU.ActiveCfg = Debug|Any CPU
		{1DB58190-2C18-40E7-A366-E9603074477A}.Debug|Any CPU.Build.0 = Debug|Any CPU
		{1DB58190-2C18-40E7-A366-E9603074477A}.Release|Any CPU.ActiveCfg = Release|Any CPU
		{1DB58190-2C18-40E7-A366-E9603074477A}.Release|Any CPU.Build.0 = Release|Any CPU
		{A035C887-C8C3-480C-8F19-3208E4652263}.Debug|Any CPU.ActiveCfg = Debug|Any CPU
		{A035C887-C8C3-480C-8F19-3208E4652263}.Debug|Any CPU.Build.0 = Debug|Any CPU
		{A035C887-C8C3-480C-8F19-3208E4652263}.Release|Any CPU.ActiveCfg = Release|Any CPU
		{A035C887-C8C3-480C-8F19-3208E4652263}.Release|Any CPU.Build.0 = Release|Any CPU
	EndGlobalSection
	GlobalSection(SolutionProperties) = preSolution
		HideSolutionNode = FALSE
	EndGlobalSection
	GlobalSection(NestedProjects) = preSolution
		{7D82F06B-D28F-4647-B6E0-D92DA49902F3} = {4213E35D-652E-41BC-81E5-61428FF5805E}
		{F1BBE685-3780-4B8B-8A0E-EEBB04E91B1A} = {4213E35D-652E-41BC-81E5-61428FF5805E}
		{D24D333C-DB13-454D-AB77-39E433291A8E} = {4213E35D-652E-41BC-81E5-61428FF5805E}
		{5736557F-DD33-4B21-A2ED-8E7B125DFDA5} = {4213E35D-652E-41BC-81E5-61428FF5805E}
		{41771933-C59C-4AD7-9509-6E74C0035E56} = {4213E35D-652E-41BC-81E5-61428FF5805E}
		{CE9B2DFE-EB26-40FC-9BAA-B21414A043CF} = {4213E35D-652E-41BC-81E5-61428FF5805E}
		{8D152CE1-ED84-4FF1-9EFD-48BAA90A17D3} = {4213E35D-652E-41BC-81E5-61428FF5805E}
		{0E96AB70-A683-4BE7-AE7D-D8073D0314C9} = {4213E35D-652E-41BC-81E5-61428FF5805E}
		{1D1D53D4-D7E2-4CCE-922B-345825E09985} = {4213E35D-652E-41BC-81E5-61428FF5805E}
		{EEAD9A9D-3087-4443-B94A-80378287B27D} = {4213E35D-652E-41BC-81E5-61428FF5805E}
		{8BC6155B-6B0A-4831-AD6F-A07686293488} = {9C903A78-F41E-4B15-A369-FC1B644D8D98}
		{A8255C46-AFEA-4B14-BC23-8783BB20E6B8} = {9C903A78-F41E-4B15-A369-FC1B644D8D98}
		{2A1357D0-F20C-42A3-A369-E246EF418B99} = {9C903A78-F41E-4B15-A369-FC1B644D8D98}
		{BB09DDEB-5D25-4A96-96DB-C79C2FE15BD4} = {9C903A78-F41E-4B15-A369-FC1B644D8D98}
		{391F9828-C846-46A5-85ED-CD78A42E99E7} = {9C903A78-F41E-4B15-A369-FC1B644D8D98}
		{9B193976-45AD-4177-B23B-E4914F753D76} = {9C903A78-F41E-4B15-A369-FC1B644D8D98}
		{6BF70AE7-7096-4A9E-B0BF-6C9F439BB8A3} = {9C903A78-F41E-4B15-A369-FC1B644D8D98}
		{F5BD5D53-F411-4D7D-A758-8BB7B7EAB265} = {9C903A78-F41E-4B15-A369-FC1B644D8D98}
		{ED765ECB-D23E-4734-8DE8-21E2BDF0DCB0} = {9C903A78-F41E-4B15-A369-FC1B644D8D98}
		{DE80C1BB-A540-4506-93F0-1935B53AD6ED} = {9C903A78-F41E-4B15-A369-FC1B644D8D98}
		{17223CF8-A7F6-4CAB-B039-C98A01053E3C} = {9C903A78-F41E-4B15-A369-FC1B644D8D98}
		{82C87B33-EECA-43B0-A238-C2505011B301} = {9C903A78-F41E-4B15-A369-FC1B644D8D98}
		{0D2F0FBA-FA3C-47F3-AE82-A15173F621C0} = {9C903A78-F41E-4B15-A369-FC1B644D8D98}
		{52018E75-0297-42E5-A2F2-8E7EE96515AB} = {9C903A78-F41E-4B15-A369-FC1B644D8D98}
		{3338447A-BE40-4B3A-AB61-2ACD45B320B3} = {ED6820C0-D621-424A-8BAA-0187268EBE69}
		{D87971DA-53DB-47FD-BBDF-C02E0C23959B} = {ED6820C0-D621-424A-8BAA-0187268EBE69}
		{1AF6B8B0-18FE-48BB-9E4C-24527BC5D851} = {ED6820C0-D621-424A-8BAA-0187268EBE69}
		{3DF5439B-6FDA-480B-8CC2-D26277F69973} = {ED6820C0-D621-424A-8BAA-0187268EBE69}
		{B54DE50E-71F1-468A-8EEB-FD2886687019} = {ED6820C0-D621-424A-8BAA-0187268EBE69}
		{B626F514-B3A6-4ED1-AC82-C91791854EA0} = {ED6820C0-D621-424A-8BAA-0187268EBE69}
		{18EBCAFA-7A9C-428B-B802-A4028E98D96E} = {ED6820C0-D621-424A-8BAA-0187268EBE69}
		{D61F241C-DE16-4C3F-8BE9-F530169551E0} = {ED6820C0-D621-424A-8BAA-0187268EBE69}
		{5DB6ADBE-78EC-4DF3-9D12-F4136D19866A} = {ED6820C0-D621-424A-8BAA-0187268EBE69}
		{0BB3E91B-6AFD-4383-9770-A58305E35E84} = {ED6820C0-D621-424A-8BAA-0187268EBE69}
		{C01F6FF1-43ED-413B-B226-0A9AEAF1FE06} = {ED6820C0-D621-424A-8BAA-0187268EBE69}
		{90B414BA-8155-4F81-9BE3-E32A844533C2} = {ED6820C0-D621-424A-8BAA-0187268EBE69}
		{A8F46DD0-F3CA-4278-A9EE-4DEEE490F170} = {ED6820C0-D621-424A-8BAA-0187268EBE69}
		{E63201DA-4638-4FB8-953E-5E53256E4061} = {ED6820C0-D621-424A-8BAA-0187268EBE69}
		{018CAEAA-4A94-437B-89DF-BDB40D3142A0} = {ED6820C0-D621-424A-8BAA-0187268EBE69}
		{4C6B0141-A9F1-4D5F-9AE8-96E076E560C1} = {ED6820C0-D621-424A-8BAA-0187268EBE69}
		{E7725782-B1FA-4D03-803A-3E4DFAD31C54} = {ED6820C0-D621-424A-8BAA-0187268EBE69}
		{487B4DF0-7C84-4CAF-83FA-2641A12C5596} = {ED6820C0-D621-424A-8BAA-0187268EBE69}
		{7A27EC3D-3F0F-4F39-88FE-2920B5EAAB22} = {ED6820C0-D621-424A-8BAA-0187268EBE69}
		{36753C9A-5161-4E30-BE66-067FAE90FF16} = {ED6820C0-D621-424A-8BAA-0187268EBE69}
		{1DB58190-2C18-40E7-A366-E9603074477A} = {ED6820C0-D621-424A-8BAA-0187268EBE69}
		{A035C887-C8C3-480C-8F19-3208E4652263} = {ED6820C0-D621-424A-8BAA-0187268EBE69}
	EndGlobalSection
	GlobalSection(ExtensibilityGlobals) = postSolution
		SolutionGuid = {FE7F06BF-6749-4DF2-B537-E4FF95B855AF}
	EndGlobalSection
EndGlobal
